
Microsoft Visual Studio Solution File, Format Version 12.00
# Visual Studio Version 16
VisualStudioVersion = 16.0.28922.388
MinimumVisualStudioVersion = 10.0.40219.1
Project("{8BC9CEB8-8B4A-11D0-8D11-00A0C91BC942}") = "tohex", "tohex\tohex.vcxproj", "{85E1CC1E-2198-4CA2-8819-E9A6A68EE6D4}"
EndProject
Project("{8BC9CEB8-8B4A-11D0-8D11-00A0C91BC942}") = "ndir", "ndir\ndir.vcxproj", "{85E1CC1E-2198-4CA2-8819-E9A6A68EE6D5}"
EndProject
Global
	GlobalSection(SolutionConfigurationPlatforms) = preSolution
		Debug|x64 = Debug|x64
		Debug|x86 = Debug|x86
		Release|x64 = Release|x64
		Release|x86 = Release|x86
	EndGlobalSection
	GlobalSection(ProjectConfigurationPlatforms) = postSolution
		{85E1CC1E-2198-4CA2-8819-E9A6A68EE6D4}.Debug|x64.ActiveCfg = Debug|x64
		{85E1CC1E-2198-4CA2-8819-E9A6A68EE6D4}.Debug|x64.Build.0 = Debug|x64
		{85E1CC1E-2198-4CA2-8819-E9A6A68EE6D4}.Debug|x86.ActiveCfg = Debug|Win32
		{85E1CC1E-2198-4CA2-8819-E9A6A68EE6D4}.Debug|x86.Build.0 = Debug|Win32
		{85E1CC1E-2198-4CA2-8819-E9A6A68EE6D4}.Release|x64.ActiveCfg = Release|x64
		{85E1CC1E-2198-4CA2-8819-E9A6A68EE6D4}.Release|x64.Build.0 = Release|x64
		{85E1CC1E-2198-4CA2-8819-E9A6A68EE6D4}.Release|x86.ActiveCfg = Release|Win32
		{85E1CC1E-2198-4CA2-8819-E9A6A68EE6D4}.Release|x86.Build.0 = Release|Win32
		{85E1CC1E-2198-4CA2-8819-E9A6A68EE6D5}.Debug|x64.ActiveCfg = Debug|x64
		{85E1CC1E-2198-4CA2-8819-E9A6A68EE6D5}.Debug|x64.Build.0 = Debug|x64
		{85E1CC1E-2198-4CA2-8819-E9A6A68EE6D5}.Debug|x86.ActiveCfg = Debug|Win32
		{85E1CC1E-2198-4CA2-8819-E9A6A68EE6D5}.Debug|x86.Build.0 = Debug|Win32
		{85E1CC1E-2198-4CA2-8819-E9A6A68EE6D5}.Release|x64.ActiveCfg = Release|x64
		{85E1CC1E-2198-4CA2-8819-E9A6A68EE6D5}.Release|x64.Build.0 = Release|x64
		{85E1CC1E-2198-4CA2-8819-E9A6A68EE6D5}.Release|x86.ActiveCfg = Release|Win32
		{85E1CC1E-2198-4CA2-8819-E9A6A68EE6D5}.Release|x86.Build.0 = Release|Win32
	EndGlobalSection
	GlobalSection(SolutionProperties) = preSolution
		HideSolutionNode = FALSE
	EndGlobalSection
	GlobalSection(ExtensibilityGlobals) = postSolution
		SolutionGuid = {1E5B857A-0E38-48D9-B1B0-D40D4E354237}
	EndGlobalSection
EndGlobal
